
Microsoft Visual Studio Solution File, Format Version 12.00
Project("{FAE04EC0-301F-11D3-BF4B-00C04F79EFBC}") = "GameDatabase.API", "GameDatabase.API\GameDatabase.API.csproj", "{6B0828AC-20C1-481F-B096-AB5A30B26587}"
EndProject
Project("{2150E333-8FDC-42A3-9474-1A3956D46DE8}") = "1 - API", "1 - API", "{ACAB4E5A-B7B1-40D8-ACBB-BE3ECC58ED7E}"
EndProject
Project("{2150E333-8FDC-42A3-9474-1A3956D46DE8}") = "2 - Domain", "2 - Domain", "{C7E1D640-23B7-48F3-978D-F8F6420D3E9A}"
EndProject
Project("{2150E333-8FDC-42A3-9474-1A3956D46DE8}") = "3 - Infra", "3 - Infra", "{AE52F17F-73FE-4038-B6C9-DC9D9E75603B}"
EndProject
Project("{2150E333-8FDC-42A3-9474-1A3956D46DE8}") = "4 - Tests", "4 - Tests", "{7AB9CA22-0984-49A4-B206-DB704C80EF10}"
EndProject
Project("{2150E333-8FDC-42A3-9474-1A3956D46DE8}") = "3.1 - IoC", "3.1 - IoC", "{0C486D17-72F0-4556-B621-240A613738BC}"
EndProject
Project("{2150E333-8FDC-42A3-9474-1A3956D46DE8}") = "3.2 - Data", "3.2 - Data", "{9446BF22-B428-4C95-92FB-91B17777EA03}"
EndProject
Project("{FAE04EC0-301F-11D3-BF4B-00C04F79EFBC}") = "GameDatabase.Domain", "GameDatabase.Domain\GameDatabase.Domain.csproj", "{6314742D-9F13-474A-B7E8-492921505B55}"
EndProject
Project("{FAE04EC0-301F-11D3-BF4B-00C04F79EFBC}") = "GameDatabase.IoC", "GameDatabase.IoC\GameDatabase.IoC.csproj", "{81DAC035-70ED-4BA4-BAC6-42E476D65140}"
EndProject
Project("{FAE04EC0-301F-11D3-BF4B-00C04F79EFBC}") = "GameDatabase.Data", "GameDatabase.Data\GameDatabase.Data.csproj", "{1867959E-1C0E-4B83-9BC9-BC8DC9843CC0}"
EndProject
Global
	GlobalSection(SolutionConfigurationPlatforms) = preSolution
		Debug|Any CPU = Debug|Any CPU
		Release|Any CPU = Release|Any CPU
	EndGlobalSection
	GlobalSection(ProjectConfigurationPlatforms) = postSolution
		{6B0828AC-20C1-481F-B096-AB5A30B26587}.Debug|Any CPU.ActiveCfg = Debug|Any CPU
		{6B0828AC-20C1-481F-B096-AB5A30B26587}.Debug|Any CPU.Build.0 = Debug|Any CPU
		{6B0828AC-20C1-481F-B096-AB5A30B26587}.Release|Any CPU.ActiveCfg = Release|Any CPU
		{6B0828AC-20C1-481F-B096-AB5A30B26587}.Release|Any CPU.Build.0 = Release|Any CPU
		{6314742D-9F13-474A-B7E8-492921505B55}.Debug|Any CPU.ActiveCfg = Debug|Any CPU
		{6314742D-9F13-474A-B7E8-492921505B55}.Debug|Any CPU.Build.0 = Debug|Any CPU
		{6314742D-9F13-474A-B7E8-492921505B55}.Release|Any CPU.ActiveCfg = Release|Any CPU
		{6314742D-9F13-474A-B7E8-492921505B55}.Release|Any CPU.Build.0 = Release|Any CPU
		{81DAC035-70ED-4BA4-BAC6-42E476D65140}.Debug|Any CPU.ActiveCfg = Debug|Any CPU
		{81DAC035-70ED-4BA4-BAC6-42E476D65140}.Debug|Any CPU.Build.0 = Debug|Any CPU
		{81DAC035-70ED-4BA4-BAC6-42E476D65140}.Release|Any CPU.ActiveCfg = Release|Any CPU
		{81DAC035-70ED-4BA4-BAC6-42E476D65140}.Release|Any CPU.Build.0 = Release|Any CPU
		{1867959E-1C0E-4B83-9BC9-BC8DC9843CC0}.Debug|Any CPU.ActiveCfg = Debug|Any CPU
		{1867959E-1C0E-4B83-9BC9-BC8DC9843CC0}.Debug|Any CPU.Build.0 = Debug|Any CPU
		{1867959E-1C0E-4B83-9BC9-BC8DC9843CC0}.Release|Any CPU.ActiveCfg = Release|Any CPU
		{1867959E-1C0E-4B83-9BC9-BC8DC9843CC0}.Release|Any CPU.Build.0 = Release|Any CPU
	EndGlobalSection
	GlobalSection(NestedProjects) = preSolution
		{0C486D17-72F0-4556-B621-240A613738BC} = {AE52F17F-73FE-4038-B6C9-DC9D9E75603B}
		{9446BF22-B428-4C95-92FB-91B17777EA03} = {AE52F17F-73FE-4038-B6C9-DC9D9E75603B}
		{6B0828AC-20C1-481F-B096-AB5A30B26587} = {ACAB4E5A-B7B1-40D8-ACBB-BE3ECC58ED7E}
		{6314742D-9F13-474A-B7E8-492921505B55} = {C7E1D640-23B7-48F3-978D-F8F6420D3E9A}
		{81DAC035-70ED-4BA4-BAC6-42E476D65140} = {0C486D17-72F0-4556-B621-240A613738BC}
		{1867959E-1C0E-4B83-9BC9-BC8DC9843CC0} = {9446BF22-B428-4C95-92FB-91B17777EA03}
	EndGlobalSection
EndGlobal
